
Microsoft Visual Studio Solution File, Format Version 12.00
# Visual Studio Version 16
VisualStudioVersion = 16.0.30309.148
MinimumVisualStudioVersion = 10.0.40219.1
Project("{FAE04EC0-301F-11D3-BF4B-00C04F79EFBC}") = "DataStructuresAndAlgorithms", "DataStructuresAndAlgorithms.csproj", "{E6B0AD22-2BC8-46E6-9FF4-1A63538E6C70}"
EndProject
Project("{FAE04EC0-301F-11D3-BF4B-00C04F79EFBC}") = "Coding", "..\Coding\Coding.csproj", "{94555244-569A-42C7-A837-A548894E4B0C}"
EndProject
Global
	GlobalSection(SolutionConfigurationPlatforms) = preSolution
		Debug|Any CPU = Debug|Any CPU
		Release|Any CPU = Release|Any CPU
	EndGlobalSection
	GlobalSection(ProjectConfigurationPlatforms) = postSolution
		{E6B0AD22-2BC8-46E6-9FF4-1A63538E6C70}.Debug|Any CPU.ActiveCfg = Debug|Any CPU
		{E6B0AD22-2BC8-46E6-9FF4-1A63538E6C70}.Debug|Any CPU.Build.0 = Debug|Any CPU
		{E6B0AD22-2BC8-46E6-9FF4-1A63538E6C70}.Release|Any CPU.ActiveCfg = Release|Any CPU
		{E6B0AD22-2BC8-46E6-9FF4-1A63538E6C70}.Release|Any CPU.Build.0 = Release|Any CPU
		{94555244-569A-42C7-A837-A548894E4B0C}.Debug|Any CPU.ActiveCfg = Debug|Any CPU
		{94555244-569A-42C7-A837-A548894E4B0C}.Debug|Any CPU.Build.0 = Debug|Any CPU
		{94555244-569A-42C7-A837-A548894E4B0C}.Release|Any CPU.ActiveCfg = Release|Any CPU
		{94555244-569A-42C7-A837-A548894E4B0C}.Release|Any CPU.Build.0 = Release|Any CPU
	EndGlobalSection
	GlobalSection(SolutionProperties) = preSolution
		HideSolutionNode = FALSE
	EndGlobalSection
	GlobalSection(ExtensibilityGlobals) = postSolution
		SolutionGuid = {8553CF5C-879E-4C2C-834C-DD750014C9C9}
	EndGlobalSection
EndGlobal
